// !$*UTF8*$!
{
	archiveVersion = 1;
	classes = {
	};
	objectVersion = 46;
	objects = {

/* Begin PBXBuildFile section */
		936B7D07148D99B400F369AF /* UIKit.framework in Frameworks */ = {isa = PBXBuildFile; fileRef = 936B7D06148D99B400F369AF /* UIKit.framework */; };
		936B7D09148D99B400F369AF /* Foundation.framework in Frameworks */ = {isa = PBXBuildFile; fileRef = 936B7D08148D99B400F369AF /* Foundation.framework */; };
		936B7D0B148D99B400F369AF /* CoreGraphics.framework in Frameworks */ = {isa = PBXBuildFile; fileRef = 936B7D0A148D99B400F369AF /* CoreGraphics.framework */; };
		936B7D11148D99B400F369AF /* InfoPlist.strings in Resources */ = {isa = PBXBuildFile; fileRef = 936B7D0F148D99B400F369AF /* InfoPlist.strings */; };
		936B7D13148D99B400F369AF /* main.m in Sources */ = {isa = PBXBuildFile; fileRef = 936B7D12148D99B400F369AF /* main.m */; };
		936B7D17148D99B400F369AF /* LLAppDelegate.m in Sources */ = {isa = PBXBuildFile; fileRef = 936B7D16148D99B400F369AF /* LLAppDelegate.m */; };
		936B7D1A148D99B400F369AF /* LLViewController.m in Sources */ = {isa = PBXBuildFile; fileRef = 936B7D19148D99B400F369AF /* LLViewController.m */; };
		936B7D1D148D99B400F369AF /* LLViewController.xib in Resources */ = {isa = PBXBuildFile; fileRef = 936B7D1B148D99B400F369AF /* LLViewController.xib */; };
		936B7D26148D9A2D00F369AF /* LLRoundSwitch.m in Sources */ = {isa = PBXBuildFile; fileRef = 936B7D25148D9A2D00F369AF /* LLRoundSwitch.m */; };
		936B7D29148D9A7200F369AF /* LLRoundSwitchKnobLayer.m in Sources */ = {isa = PBXBuildFile; fileRef = 936B7D28148D9A7200F369AF /* LLRoundSwitchKnobLayer.m */; };
		936B7D2C148D9A8C00F369AF /* LLRoundSwitchOutlineLayer.m in Sources */ = {isa = PBXBuildFile; fileRef = 936B7D2B148D9A8C00F369AF /* LLRoundSwitchOutlineLayer.m */; };
		936B7D2F148D9AA600F369AF /* LLRoundSwitchToggleLayer.m in Sources */ = {isa = PBXBuildFile; fileRef = 936B7D2E148D9AA600F369AF /* LLRoundSwitchToggleLayer.m */; };
/* End PBXBuildFile section */

/* Begin PBXFileReference section */
		936B7D02148D99B400F369AF /* LLRoundSwitchDemo.app */ = {isa = PBXFileReference; explicitFileType = wrapper.application; includeInIndex = 0; path = LLRoundSwitchDemo.app; sourceTree = BUILT_PRODUCTS_DIR; };
		936B7D06148D99B400F369AF /* UIKit.framework */ = {isa = PBXFileReference; lastKnownFileType = wrapper.framework; name = UIKit.framework; path = System/Library/Frameworks/UIKit.framework; sourceTree = SDKROOT; };
		936B7D08148D99B400F369AF /* Foundation.framework */ = {isa = PBXFileReference; lastKnownFileType = wrapper.framework; name = Foundation.framework; path = System/Library/Frameworks/Foundation.framework; sourceTree = SDKROOT; };
		936B7D0A148D99B400F369AF /* CoreGraphics.framework */ = {isa = PBXFileReference; lastKnownFileType = wrapper.framework; name = CoreGraphics.framework; path = System/Library/Frameworks/CoreGraphics.framework; sourceTree = SDKROOT; };
		936B7D0E148D99B400F369AF /* LLRoundSwitchDemo-Info.plist */ = {isa = PBXFileReference; lastKnownFileType = text.plist.xml; path = "LLRoundSwitchDemo-Info.plist"; sourceTree = "<group>"; };
		936B7D10148D99B400F369AF /* en */ = {isa = PBXFileReference; lastKnownFileType = text.plist.strings; name = en; path = en.lproj/InfoPlist.strings; sourceTree = "<group>"; };
		936B7D12148D99B400F369AF /* main.m */ = {isa = PBXFileReference; lastKnownFileType = sourcecode.c.objc; path = main.m; sourceTree = "<group>"; };
		936B7D14148D99B400F369AF /* LLRoundSwitchDemo-Prefix.pch */ = {isa = PBXFileReference; lastKnownFileType = sourcecode.c.h; path = "LLRoundSwitchDemo-Prefix.pch"; sourceTree = "<group>"; };
		936B7D15148D99B400F369AF /* LLAppDelegate.h */ = {isa = PBXFileReference; lastKnownFileType = sourcecode.c.h; path = LLAppDelegate.h; sourceTree = "<group>"; };
		936B7D16148D99B400F369AF /* LLAppDelegate.m */ = {isa = PBXFileReference; lastKnownFileType = sourcecode.c.objc; path = LLAppDelegate.m; sourceTree = "<group>"; };
		936B7D18148D99B400F369AF /* LLViewController.h */ = {isa = PBXFileReference; lastKnownFileType = sourcecode.c.h; path = LLViewController.h; sourceTree = "<group>"; };
		936B7D19148D99B400F369AF /* LLViewController.m */ = {isa = PBXFileReference; lastKnownFileType = sourcecode.c.objc; path = LLViewController.m; sourceTree = "<group>"; };
		936B7D1C148D99B400F369AF /* en */ = {isa = PBXFileReference; lastKnownFileType = file.xib; name = en; path = en.lproj/LLViewController.xib; sourceTree = "<group>"; };
		936B7D24148D9A2D00F369AF /* LLRoundSwitch.h */ = {isa = PBXFileReference; fileEncoding = 4; lastKnownFileType = sourcecode.c.h; name = LLRoundSwitch.h; path = ../LLRoundSwitch/LLRoundSwitch.h; sourceTree = "<group>"; };
		936B7D25148D9A2D00F369AF /* LLRoundSwitch.m */ = {isa = PBXFileReference; fileEncoding = 4; lastKnownFileType = sourcecode.c.objc; name = LLRoundSwitch.m; path = ../LLRoundSwitch/LLRoundSwitch.m; sourceTree = "<group>"; };
		936B7D27148D9A7200F369AF /* LLRoundSwitchKnobLayer.h */ = {isa = PBXFileReference; fileEncoding = 4; lastKnownFileType = sourcecode.c.h; name = LLRoundSwitchKnobLayer.h; path = ../LLRoundSwitch/LLRoundSwitchKnobLayer.h; sourceTree = "<group>"; };
		936B7D28148D9A7200F369AF /* LLRoundSwitchKnobLayer.m */ = {isa = PBXFileReference; fileEncoding = 4; lastKnownFileType = sourcecode.c.objc; name = LLRoundSwitchKnobLayer.m; path = ../LLRoundSwitch/LLRoundSwitchKnobLayer.m; sourceTree = "<group>"; };
		936B7D2A148D9A8C00F369AF /* LLRoundSwitchOutlineLayer.h */ = {isa = PBXFileReference; fileEncoding = 4; lastKnownFileType = sourcecode.c.h; name = LLRoundSwitchOutlineLayer.h; path = ../LLRoundSwitch/LLRoundSwitchOutlineLayer.h; sourceTree = "<group>"; };
		936B7D2B148D9A8C00F369AF /* LLRoundSwitchOutlineLayer.m */ = {isa = PBXFileReference; fileEncoding = 4; lastKnownFileType = sourcecode.c.objc; name = LLRoundSwitchOutlineLayer.m; path = ../LLRoundSwitch/LLRoundSwitchOutlineLayer.m; sourceTree = "<group>"; };
		936B7D2D148D9AA600F369AF /* LLRoundSwitchToggleLayer.h */ = {isa = PBXFileReference; fileEncoding = 4; lastKnownFileType = sourcecode.c.h; name = LLRoundSwitchToggleLayer.h; path = ../LLRoundSwitch/LLRoundSwitchToggleLayer.h; sourceTree = "<group>"; };
		936B7D2E148D9AA600F369AF /* LLRoundSwitchToggleLayer.m */ = {isa = PBXFileReference; fileEncoding = 4; lastKnownFileType = sourcecode.c.objc; name = LLRoundSwitchToggleLayer.m; path = ../LLRoundSwitch/LLRoundSwitchToggleLayer.m; sourceTree = "<group>"; };
/* End PBXFileReference section */

/* Begin PBXFrameworksBuildPhase section */
		936B7CFF148D99B400F369AF /* Frameworks */ = {
			isa = PBXFrameworksBuildPhase;
			buildActionMask = 2147483647;
			files = (
				936B7D07148D99B400F369AF /* UIKit.framework in Frameworks */,
				936B7D09148D99B400F369AF /* Foundation.framework in Frameworks */,
				936B7D0B148D99B400F369AF /* CoreGraphics.framework in Frameworks */,
			);
			runOnlyForDeploymentPostprocessing = 0;
		};
/* End PBXFrameworksBuildPhase section */

/* Begin PBXGroup section */
		936B7CF7148D99B400F369AF = {
			isa = PBXGroup;
			children = (
				936B7D0C148D99B400F369AF /* LLRoundSwitchDemo */,
				936B7D05148D99B400F369AF /* Frameworks */,
				936B7D03148D99B400F369AF /* Products */,
			);
			sourceTree = "<group>";
		};
		936B7D03148D99B400F369AF /* Products */ = {
			isa = PBXGroup;
			children = (
				936B7D02148D99B400F369AF /* LLRoundSwitchDemo.app */,
			);
			name = Products;
			sourceTree = "<group>";
		};
		936B7D05148D99B400F369AF /* Frameworks */ = {
			isa = PBXGroup;
			children = (
				936B7D06148D99B400F369AF /* UIKit.framework */,
				936B7D08148D99B400F369AF /* Foundation.framework */,
				936B7D0A148D99B400F369AF /* CoreGraphics.framework */,
			);
			name = Frameworks;
			sourceTree = "<group>";
		};
		936B7D0C148D99B400F369AF /* LLRoundSwitchDemo */ = {
			isa = PBXGroup;
			children = (
				936B7D23148D99CA00F369AF /* LLRoundSwitch */,
				936B7D15148D99B400F369AF /* LLAppDelegate.h */,
				936B7D16148D99B400F369AF /* LLAppDelegate.m */,
				936B7D18148D99B400F369AF /* LLViewController.h */,
				936B7D19148D99B400F369AF /* LLViewController.m */,
				936B7D1B148D99B400F369AF /* LLViewController.xib */,
				936B7D0D148D99B400F369AF /* Supporting Files */,
			);
			path = LLRoundSwitchDemo;
			sourceTree = "<group>";
		};
		936B7D0D148D99B400F369AF /* Supporting Files */ = {
			isa = PBXGroup;
			children = (
				936B7D0E148D99B400F369AF /* LLRoundSwitchDemo-Info.plist */,
				936B7D0F148D99B400F369AF /* InfoPlist.strings */,
				936B7D12148D99B400F369AF /* main.m */,
				936B7D14148D99B400F369AF /* LLRoundSwitchDemo-Prefix.pch */,
			);
			name = "Supporting Files";
			sourceTree = "<group>";
		};
		936B7D23148D99CA00F369AF /* LLRoundSwitch */ = {
			isa = PBXGroup;
			children = (
				936B7D24148D9A2D00F369AF /* LLRoundSwitch.h */,
				936B7D25148D9A2D00F369AF /* LLRoundSwitch.m */,
				936B7D27148D9A7200F369AF /* LLRoundSwitchKnobLayer.h */,
				936B7D28148D9A7200F369AF /* LLRoundSwitchKnobLayer.m */,
				936B7D2A148D9A8C00F369AF /* LLRoundSwitchOutlineLayer.h */,
				936B7D2B148D9A8C00F369AF /* LLRoundSwitchOutlineLayer.m */,
				936B7D2D148D9AA600F369AF /* LLRoundSwitchToggleLayer.h */,
				936B7D2E148D9AA600F369AF /* LLRoundSwitchToggleLayer.m */,
			);
			name = LLRoundSwitch;
			path = ..;
			sourceTree = "<group>";
		};
/* End PBXGroup section */

/* Begin PBXNativeTarget section */
		936B7D01148D99B400F369AF /* LLRoundSwitchDemo */ = {
			isa = PBXNativeTarget;
			buildConfigurationList = 936B7D20148D99B400F369AF /* Build configuration list for PBXNativeTarget "LLRoundSwitchDemo" */;
			buildPhases = (
				936B7CFE148D99B400F369AF /* Sources */,
				936B7CFF148D99B400F369AF /* Frameworks */,
				936B7D00148D99B400F369AF /* Resources */,
			);
			buildRules = (
			);
			dependencies = (
			);
			name = LLRoundSwitchDemo;
			productName = LLRoundSwitchDemo;
			productReference = 936B7D02148D99B400F369AF /* LLRoundSwitchDemo.app */;
			productType = "com.apple.product-type.application";
		};
/* End PBXNativeTarget section */

/* Begin PBXProject section */
		936B7CF9148D99B400F369AF /* Project object */ = {
			isa = PBXProject;
			attributes = {
				LastUpgradeCheck = 0420;
				ORGANIZATIONNAME = none;
			};
			buildConfigurationList = 936B7CFC148D99B400F369AF /* Build configuration list for PBXProject "LLRoundSwitchDemo" */;
			compatibilityVersion = "Xcode 3.2";
			developmentRegion = English;
			hasScannedForEncodings = 0;
			knownRegions = (
				en,
			);
			mainGroup = 936B7CF7148D99B400F369AF;
			productRefGroup = 936B7D03148D99B400F369AF /* Products */;
			projectDirPath = "";
			projectRoot = "";
			targets = (
				936B7D01148D99B400F369AF /* LLRoundSwitchDemo */,
			);
		};
/* End PBXProject section */

/* Begin PBXResourcesBuildPhase section */
		936B7D00148D99B400F369AF /* Resources */ = {
			isa = PBXResourcesBuildPhase;
			buildActionMask = 2147483647;
			files = (
				936B7D11148D99B400F369AF /* InfoPlist.strings in Resources */,
				936B7D1D148D99B400F369AF /* LLViewController.xib in Resources */,
			);
			runOnlyForDeploymentPostprocessing = 0;
		};
/* End PBXResourcesBuildPhase section */

/* Begin PBXSourcesBuildPhase section */
		936B7CFE148D99B400F369AF /* Sources */ = {
			isa = PBXSourcesBuildPhase;
			buildActionMask = 2147483647;
			files = (
				936B7D13148D99B400F369AF /* main.m in Sources */,
				936B7D17148D99B400F369AF /* LLAppDelegate.m in Sources */,
				936B7D1A148D99B400F369AF /* LLViewController.m in Sources */,
				936B7D26148D9A2D00F369AF /* LLRoundSwitch.m in Sources */,
				936B7D29148D9A7200F369AF /* LLRoundSwitchKnobLayer.m in Sources */,
				936B7D2C148D9A8C00F369AF /* LLRoundSwitchOutlineLayer.m in Sources */,
				936B7D2F148D9AA600F369AF /* LLRoundSwitchToggleLayer.m in Sources */,
			);
			runOnlyForDeploymentPostprocessing = 0;
		};
/* End PBXSourcesBuildPhase section */

/* Begin PBXVariantGroup section */
		936B7D0F148D99B400F369AF /* InfoPlist.strings */ = {
			isa = PBXVariantGroup;
			children = (
				936B7D10148D99B400F369AF /* en */,
			);
			name = InfoPlist.strings;
			sourceTree = "<group>";
		};
		936B7D1B148D99B400F369AF /* LLViewController.xib */ = {
			isa = PBXVariantGroup;
			children = (
				936B7D1C148D99B400F369AF /* en */,
			);
			name = LLViewController.xib;
			sourceTree = "<group>";
		};
/* End PBXVariantGroup section */

/* Begin XCBuildConfiguration section */
		936B7D1E148D99B400F369AF /* Debug */ = {
			isa = XCBuildConfiguration;
			buildSettings = {
				ALWAYS_SEARCH_USER_PATHS = NO;
				ARCHS = "$(ARCHS_STANDARD_32_BIT)";
				CLANG_ENABLE_OBJC_ARC = YES;
				"CODE_SIGN_IDENTITY[sdk=iphoneos*]" = "iPhone Developer";
				COPY_PHASE_STRIP = NO;
				GCC_C_LANGUAGE_STANDARD = gnu99;
				GCC_DYNAMIC_NO_PIC = NO;
				GCC_OPTIMIZATION_LEVEL = 0;
				GCC_PREPROCESSOR_DEFINITIONS = (
					"DEBUG=1",
					"$(inherited)",
				);
				GCC_SYMBOLS_PRIVATE_EXTERN = NO;
				GCC_VERSION = com.apple.compilers.llvm.clang.1_0;
				GCC_WARN_ABOUT_MISSING_PROTOTYPES = YES;
				GCC_WARN_ABOUT_RETURN_TYPE = YES;
				GCC_WARN_UNUSED_VARIABLE = YES;
				IPHONEOS_DEPLOYMENT_TARGET = 5.0;
				SDKROOT = iphoneos;
			};
			name = Debug;
		};
		936B7D1F148D99B400F369AF /* Release */ = {
			isa = XCBuildConfiguration;
			buildSettings = {
				ALWAYS_SEARCH_USER_PATHS = NO;
				ARCHS = "$(ARCHS_STANDARD_32_BIT)";
				CLANG_ENABLE_OBJC_ARC = YES;
				"CODE_SIGN_IDENTITY[sdk=iphoneos*]" = "iPhone Developer";
				COPY_PHASE_STRIP = YES;
				GCC_C_LANGUAGE_STANDARD = gnu99;
				GCC_VERSION = com.apple.compilers.llvm.clang.1_0;
				GCC_WARN_ABOUT_MISSING_PROTOTYPES = YES;
				GCC_WARN_ABOUT_RETURN_TYPE = YES;
				GCC_WARN_UNUSED_VARIABLE = YES;
				IPHONEOS_DEPLOYMENT_TARGET = 5.0;
				OTHER_CFLAGS = "-DNS_BLOCK_ASSERTIONS=1";
				SDKROOT = iphoneos;
				VALIDATE_PRODUCT = YES;
			};
			name = Release;
		};
		936B7D21148D99B400F369AF /* Debug */ = {
			isa = XCBuildConfiguration;
			buildSettings = {
				GCC_PRECOMPILE_PREFIX_HEADER = YES;
				GCC_PREFIX_HEADER = "LLRoundSwitchDemo/LLRoundSwitchDemo-Prefix.pch";
				INFOPLIST_FILE = "LLRoundSwitchDemo/LLRoundSwitchDemo-Info.plist";
				PRODUCT_NAME = "$(TARGET_NAME)";
				WRAPPER_EXTENSION = app;
			};
			name = Debug;
		};
		936B7D22148D99B400F369AF /* Release */ = {
			isa = XCBuildConfiguration;
			buildSettings = {
				GCC_PRECOMPILE_PREFIX_HEADER = YES;
				GCC_PREFIX_HEADER = "LLRoundSwitchDemo/LLRoundSwitchDemo-Prefix.pch";
				INFOPLIST_FILE = "LLRoundSwitchDemo/LLRoundSwitchDemo-Info.plist";
				PRODUCT_NAME = "$(TARGET_NAME)";
				WRAPPER_EXTENSION = app;
			};
			name = Release;
		};
/* End XCBuildConfiguration section */

/* Begin XCConfigurationList section */
		936B7CFC148D99B400F369AF /* Build configuration list for PBXProject "LLRoundSwitchDemo" */ = {
			isa = XCConfigurationList;
			buildConfigurations = (
				936B7D1E148D99B400F369AF /* Debug */,
				936B7D1F148D99B400F369AF /* Release */,
			);
			defaultConfigurationIsVisible = 0;
			defaultConfigurationName = Release;
		};
		936B7D20148D99B400F369AF /* Build configuration list for PBXNativeTarget "LLRoundSwitchDemo" */ = {
			isa = XCConfigurationList;
			buildConfigurations = (
				936B7D21148D99B400F369AF /* Debug */,
				936B7D22148D99B400F369AF /* Release */,
			);
			defaultConfigurationIsVisible = 0;
		};
/* End XCConfigurationList section */
	};
	rootObject = 936B7CF9148D99B400F369AF /* Project object */;
}
