// !$*UTF8*$!
{
	archiveVersion = 1;
	classes = {
	};
	objectVersion = 46;
	objects = {

/* Begin PBXBuildFile section */
		93149BE814EC364800A70CE8 /* UIKit.framework in Frameworks */ = {isa = PBXBuildFile; fileRef = 93149BE714EC364800A70CE8 /* UIKit.framework */; };
		93149BEA14EC364800A70CE8 /* Foundation.framework in Frameworks */ = {isa = PBXBuildFile; fileRef = 93149BE914EC364800A70CE8 /* Foundation.framework */; };
		93149BEC14EC364800A70CE8 /* CoreGraphics.framework in Frameworks */ = {isa = PBXBuildFile; fileRef = 93149BEB14EC364800A70CE8 /* CoreGraphics.framework */; };
		93149BF214EC364800A70CE8 /* InfoPlist.strings in Resources */ = {isa = PBXBuildFile; fileRef = 93149BF014EC364800A70CE8 /* InfoPlist.strings */; };
		93149BF414EC364800A70CE8 /* main.m in Sources */ = {isa = PBXBuildFile; fileRef = 93149BF314EC364800A70CE8 /* main.m */; };
		93149BF814EC364800A70CE8 /* LLAppDelegate.m in Sources */ = {isa = PBXBuildFile; fileRef = 93149BF714EC364800A70CE8 /* LLAppDelegate.m */; };
		93149BFB14EC364800A70CE8 /* LLViewController.m in Sources */ = {isa = PBXBuildFile; fileRef = 93149BFA14EC364800A70CE8 /* LLViewController.m */; };
		93149BFE14EC364800A70CE8 /* LLViewController.xib in Resources */ = {isa = PBXBuildFile; fileRef = 93149BFC14EC364800A70CE8 /* LLViewController.xib */; };
/* End PBXBuildFile section */

/* Begin PBXFileReference section */
		93149BE314EC364800A70CE8 /* tt.app */ = {isa = PBXFileReference; explicitFileType = wrapper.application; includeInIndex = 0; path = tt.app; sourceTree = BUILT_PRODUCTS_DIR; };
		93149BE714EC364800A70CE8 /* UIKit.framework */ = {isa = PBXFileReference; lastKnownFileType = wrapper.framework; name = UIKit.framework; path = System/Library/Frameworks/UIKit.framework; sourceTree = SDKROOT; };
		93149BE914EC364800A70CE8 /* Foundation.framework */ = {isa = PBXFileReference; lastKnownFileType = wrapper.framework; name = Foundation.framework; path = System/Library/Frameworks/Foundation.framework; sourceTree = SDKROOT; };
		93149BEB14EC364800A70CE8 /* CoreGraphics.framework */ = {isa = PBXFileReference; lastKnownFileType = wrapper.framework; name = CoreGraphics.framework; path = System/Library/Frameworks/CoreGraphics.framework; sourceTree = SDKROOT; };
		93149BEF14EC364800A70CE8 /* tt-Info.plist */ = {isa = PBXFileReference; lastKnownFileType = text.plist.xml; path = "tt-Info.plist"; sourceTree = "<group>"; };
		93149BF114EC364800A70CE8 /* en */ = {isa = PBXFileReference; lastKnownFileType = text.plist.strings; name = en; path = en.lproj/InfoPlist.strings; sourceTree = "<group>"; };
		93149BF314EC364800A70CE8 /* main.m */ = {isa = PBXFileReference; lastKnownFileType = sourcecode.c.objc; path = main.m; sourceTree = "<group>"; };
		93149BF514EC364800A70CE8 /* tt-Prefix.pch */ = {isa = PBXFileReference; lastKnownFileType = sourcecode.c.h; path = "tt-Prefix.pch"; sourceTree = "<group>"; };
		93149BF614EC364800A70CE8 /* LLAppDelegate.h */ = {isa = PBXFileReference; lastKnownFileType = sourcecode.c.h; path = LLAppDelegate.h; sourceTree = "<group>"; };
		93149BF714EC364800A70CE8 /* LLAppDelegate.m */ = {isa = PBXFileReference; lastKnownFileType = sourcecode.c.objc; path = LLAppDelegate.m; sourceTree = "<group>"; };
		93149BF914EC364800A70CE8 /* LLViewController.h */ = {isa = PBXFileReference; lastKnownFileType = sourcecode.c.h; path = LLViewController.h; sourceTree = "<group>"; };
		93149BFA14EC364800A70CE8 /* LLViewController.m */ = {isa = PBXFileReference; lastKnownFileType = sourcecode.c.objc; path = LLViewController.m; sourceTree = "<group>"; };
		93149BFD14EC364800A70CE8 /* en */ = {isa = PBXFileReference; lastKnownFileType = file.xib; name = en; path = en.lproj/LLViewController.xib; sourceTree = "<group>"; };
/* End PBXFileReference section */

/* Begin PBXFrameworksBuildPhase section */
		93149BE014EC364800A70CE8 /* Frameworks */ = {
			isa = PBXFrameworksBuildPhase;
			buildActionMask = 2147483647;
			files = (
				93149BE814EC364800A70CE8 /* UIKit.framework in Frameworks */,
				93149BEA14EC364800A70CE8 /* Foundation.framework in Frameworks */,
				93149BEC14EC364800A70CE8 /* CoreGraphics.framework in Frameworks */,
			);
			runOnlyForDeploymentPostprocessing = 0;
		};
/* End PBXFrameworksBuildPhase section */

/* Begin PBXGroup section */
		93149BD814EC364800A70CE8 = {
			isa = PBXGroup;
			children = (
				93149BED14EC364800A70CE8 /* tt */,
				93149BE614EC364800A70CE8 /* Frameworks */,
				93149BE414EC364800A70CE8 /* Products */,
			);
			sourceTree = "<group>";
		};
		93149BE414EC364800A70CE8 /* Products */ = {
			isa = PBXGroup;
			children = (
				93149BE314EC364800A70CE8 /* tt.app */,
			);
			name = Products;
			sourceTree = "<group>";
		};
		93149BE614EC364800A70CE8 /* Frameworks */ = {
			isa = PBXGroup;
			children = (
				93149BE714EC364800A70CE8 /* UIKit.framework */,
				93149BE914EC364800A70CE8 /* Foundation.framework */,
				93149BEB14EC364800A70CE8 /* CoreGraphics.framework */,
			);
			name = Frameworks;
			sourceTree = "<group>";
		};
		93149BED14EC364800A70CE8 /* tt */ = {
			isa = PBXGroup;
			children = (
				93149BF614EC364800A70CE8 /* LLAppDelegate.h */,
				93149BF714EC364800A70CE8 /* LLAppDelegate.m */,
				93149BF914EC364800A70CE8 /* LLViewController.h */,
				93149BFA14EC364800A70CE8 /* LLViewController.m */,
				93149BFC14EC364800A70CE8 /* LLViewController.xib */,
				93149BEE14EC364800A70CE8 /* Supporting Files */,
			);
			path = tt;
			sourceTree = "<group>";
		};
		93149BEE14EC364800A70CE8 /* Supporting Files */ = {
			isa = PBXGroup;
			children = (
				93149BEF14EC364800A70CE8 /* tt-Info.plist */,
				93149BF014EC364800A70CE8 /* InfoPlist.strings */,
				93149BF314EC364800A70CE8 /* main.m */,
				93149BF514EC364800A70CE8 /* tt-Prefix.pch */,
			);
			name = "Supporting Files";
			sourceTree = "<group>";
		};
/* End PBXGroup section */

/* Begin PBXNativeTarget section */
		93149BE214EC364800A70CE8 /* tt */ = {
			isa = PBXNativeTarget;
			buildConfigurationList = 93149C0114EC364800A70CE8 /* Build configuration list for PBXNativeTarget "tt" */;
			buildPhases = (
				93149BDF14EC364800A70CE8 /* Sources */,
				93149BE014EC364800A70CE8 /* Frameworks */,
				93149BE114EC364800A70CE8 /* Resources */,
			);
			buildRules = (
			);
			dependencies = (
			);
			name = tt;
			productName = tt;
			productReference = 93149BE314EC364800A70CE8 /* tt.app */;
			productType = "com.apple.product-type.application";
		};
/* End PBXNativeTarget section */

/* Begin PBXProject section */
		93149BDA14EC364800A70CE8 /* Project object */ = {
			isa = PBXProject;
			attributes = {
				LastUpgradeCheck = 0420;
				ORGANIZATIONNAME = none;
			};
			buildConfigurationList = 93149BDD14EC364800A70CE8 /* Build configuration list for PBXProject "tt" */;
			compatibilityVersion = "Xcode 3.2";
			developmentRegion = English;
			hasScannedForEncodings = 0;
			knownRegions = (
				en,
			);
			mainGroup = 93149BD814EC364800A70CE8;
			productRefGroup = 93149BE414EC364800A70CE8 /* Products */;
			projectDirPath = "";
			projectRoot = "";
			targets = (
				93149BE214EC364800A70CE8 /* tt */,
			);
		};
/* End PBXProject section */

/* Begin PBXResourcesBuildPhase section */
		93149BE114EC364800A70CE8 /* Resources */ = {
			isa = PBXResourcesBuildPhase;
			buildActionMask = 2147483647;
			files = (
				93149BF214EC364800A70CE8 /* InfoPlist.strings in Resources */,
				93149BFE14EC364800A70CE8 /* LLViewController.xib in Resources */,
			);
			runOnlyForDeploymentPostprocessing = 0;
		};
/* End PBXResourcesBuildPhase section */

/* Begin PBXSourcesBuildPhase section */
		93149BDF14EC364800A70CE8 /* Sources */ = {
			isa = PBXSourcesBuildPhase;
			buildActionMask = 2147483647;
			files = (
				93149BF414EC364800A70CE8 /* main.m in Sources */,
				93149BF814EC364800A70CE8 /* LLAppDelegate.m in Sources */,
				93149BFB14EC364800A70CE8 /* LLViewController.m in Sources */,
			);
			runOnlyForDeploymentPostprocessing = 0;
		};
/* End PBXSourcesBuildPhase section */

/* Begin PBXVariantGroup section */
		93149BF014EC364800A70CE8 /* InfoPlist.strings */ = {
			isa = PBXVariantGroup;
			children = (
				93149BF114EC364800A70CE8 /* en */,
			);
			name = InfoPlist.strings;
			sourceTree = "<group>";
		};
		93149BFC14EC364800A70CE8 /* LLViewController.xib */ = {
			isa = PBXVariantGroup;
			children = (
				93149BFD14EC364800A70CE8 /* en */,
			);
			name = LLViewController.xib;
			sourceTree = "<group>";
		};
/* End PBXVariantGroup section */

/* Begin XCBuildConfiguration section */
		93149BFF14EC364800A70CE8 /* Debug */ = {
			isa = XCBuildConfiguration;
			buildSettings = {
				ALWAYS_SEARCH_USER_PATHS = NO;
				ARCHS = "$(ARCHS_STANDARD_32_BIT)";
				CLANG_ENABLE_OBJC_ARC = YES;
				"CODE_SIGN_IDENTITY[sdk=iphoneos*]" = "iPhone Developer";
				COPY_PHASE_STRIP = NO;
				GCC_C_LANGUAGE_STANDARD = gnu99;
				GCC_DYNAMIC_NO_PIC = NO;
				GCC_OPTIMIZATION_LEVEL = 0;
				GCC_PREPROCESSOR_DEFINITIONS = (
					"DEBUG=1",
					"$(inherited)",
				);
				GCC_SYMBOLS_PRIVATE_EXTERN = NO;
				GCC_VERSION = com.apple.compilers.llvm.clang.1_0;
				GCC_WARN_ABOUT_MISSING_PROTOTYPES = YES;
				GCC_WARN_ABOUT_RETURN_TYPE = YES;
				GCC_WARN_UNUSED_VARIABLE = YES;
				IPHONEOS_DEPLOYMENT_TARGET = 5.0;
				SDKROOT = iphoneos;
			};
			name = Debug;
		};
		93149C0014EC364800A70CE8 /* Release */ = {
			isa = XCBuildConfiguration;
			buildSettings = {
				ALWAYS_SEARCH_USER_PATHS = NO;
				ARCHS = "$(ARCHS_STANDARD_32_BIT)";
				CLANG_ENABLE_OBJC_ARC = YES;
				"CODE_SIGN_IDENTITY[sdk=iphoneos*]" = "iPhone Developer";
				COPY_PHASE_STRIP = YES;
				GCC_C_LANGUAGE_STANDARD = gnu99;
				GCC_VERSION = com.apple.compilers.llvm.clang.1_0;
				GCC_WARN_ABOUT_MISSING_PROTOTYPES = YES;
				GCC_WARN_ABOUT_RETURN_TYPE = YES;
				GCC_WARN_UNUSED_VARIABLE = YES;
				IPHONEOS_DEPLOYMENT_TARGET = 5.0;
				OTHER_CFLAGS = "-DNS_BLOCK_ASSERTIONS=1";
				SDKROOT = iphoneos;
				VALIDATE_PRODUCT = YES;
			};
			name = Release;
		};
		93149C0214EC364800A70CE8 /* Debug */ = {
			isa = XCBuildConfiguration;
			buildSettings = {
				GCC_PRECOMPILE_PREFIX_HEADER = YES;
				GCC_PREFIX_HEADER = "tt/tt-Prefix.pch";
				INFOPLIST_FILE = "tt/tt-Info.plist";
				IPHONEOS_DEPLOYMENT_TARGET = 5.0;
				PRODUCT_NAME = "$(TARGET_NAME)";
				TARGETED_DEVICE_FAMILY = 2;
				WRAPPER_EXTENSION = app;
			};
			name = Debug;
		};
		93149C0314EC364800A70CE8 /* Release */ = {
			isa = XCBuildConfiguration;
			buildSettings = {
				GCC_PRECOMPILE_PREFIX_HEADER = YES;
				GCC_PREFIX_HEADER = "tt/tt-Prefix.pch";
				INFOPLIST_FILE = "tt/tt-Info.plist";
				IPHONEOS_DEPLOYMENT_TARGET = 5.0;
				PRODUCT_NAME = "$(TARGET_NAME)";
				TARGETED_DEVICE_FAMILY = 2;
				WRAPPER_EXTENSION = app;
			};
			name = Release;
		};
/* End XCBuildConfiguration section */

/* Begin XCConfigurationList section */
		93149BDD14EC364800A70CE8 /* Build configuration list for PBXProject "tt" */ = {
			isa = XCConfigurationList;
			buildConfigurations = (
				93149BFF14EC364800A70CE8 /* Debug */,
				93149C0014EC364800A70CE8 /* Release */,
			);
			defaultConfigurationIsVisible = 0;
			defaultConfigurationName = Release;
		};
		93149C0114EC364800A70CE8 /* Build configuration list for PBXNativeTarget "tt" */ = {
			isa = XCConfigurationList;
			buildConfigurations = (
				93149C0214EC364800A70CE8 /* Debug */,
				93149C0314EC364800A70CE8 /* Release */,
			);
			defaultConfigurationIsVisible = 0;
		};
/* End XCConfigurationList section */
	};
	rootObject = 93149BDA14EC364800A70CE8 /* Project object */;
}
