// !$*UTF8*$!
{
	archiveVersion = 1;
	classes = {
	};
	objectVersion = 46;
	objects = {

/* Begin PBXBuildFile section */
		930282861496D7430077896E /* UIKit.framework in Frameworks */ = {isa = PBXBuildFile; fileRef = 930282851496D7430077896E /* UIKit.framework */; };
		930282881496D7430077896E /* Foundation.framework in Frameworks */ = {isa = PBXBuildFile; fileRef = 930282871496D7430077896E /* Foundation.framework */; };
		9302828A1496D7430077896E /* CoreGraphics.framework in Frameworks */ = {isa = PBXBuildFile; fileRef = 930282891496D7430077896E /* CoreGraphics.framework */; };
		930282901496D7430077896E /* InfoPlist.strings in Resources */ = {isa = PBXBuildFile; fileRef = 9302828E1496D7430077896E /* InfoPlist.strings */; };
		930282921496D7430077896E /* main.m in Sources */ = {isa = PBXBuildFile; fileRef = 930282911496D7430077896E /* main.m */; };
		930282961496D7430077896E /* LLAppDelegate.m in Sources */ = {isa = PBXBuildFile; fileRef = 930282951496D7430077896E /* LLAppDelegate.m */; };
		930282991496D7430077896E /* LLViewController.m in Sources */ = {isa = PBXBuildFile; fileRef = 930282981496D7430077896E /* LLViewController.m */; };
		9302829C1496D7430077896E /* LLViewController.xib in Resources */ = {isa = PBXBuildFile; fileRef = 9302829A1496D7430077896E /* LLViewController.xib */; };
/* End PBXBuildFile section */

/* Begin PBXFileReference section */
		930282811496D7430077896E /* test2.app */ = {isa = PBXFileReference; explicitFileType = wrapper.application; includeInIndex = 0; path = test2.app; sourceTree = BUILT_PRODUCTS_DIR; };
		930282851496D7430077896E /* UIKit.framework */ = {isa = PBXFileReference; lastKnownFileType = wrapper.framework; name = UIKit.framework; path = System/Library/Frameworks/UIKit.framework; sourceTree = SDKROOT; };
		930282871496D7430077896E /* Foundation.framework */ = {isa = PBXFileReference; lastKnownFileType = wrapper.framework; name = Foundation.framework; path = System/Library/Frameworks/Foundation.framework; sourceTree = SDKROOT; };
		930282891496D7430077896E /* CoreGraphics.framework */ = {isa = PBXFileReference; lastKnownFileType = wrapper.framework; name = CoreGraphics.framework; path = System/Library/Frameworks/CoreGraphics.framework; sourceTree = SDKROOT; };
		9302828D1496D7430077896E /* test2-Info.plist */ = {isa = PBXFileReference; lastKnownFileType = text.plist.xml; path = "test2-Info.plist"; sourceTree = "<group>"; };
		9302828F1496D7430077896E /* en */ = {isa = PBXFileReference; lastKnownFileType = text.plist.strings; name = en; path = en.lproj/InfoPlist.strings; sourceTree = "<group>"; };
		930282911496D7430077896E /* main.m */ = {isa = PBXFileReference; lastKnownFileType = sourcecode.c.objc; path = main.m; sourceTree = "<group>"; };
		930282931496D7430077896E /* test2-Prefix.pch */ = {isa = PBXFileReference; lastKnownFileType = sourcecode.c.h; path = "test2-Prefix.pch"; sourceTree = "<group>"; };
		930282941496D7430077896E /* LLAppDelegate.h */ = {isa = PBXFileReference; lastKnownFileType = sourcecode.c.h; path = LLAppDelegate.h; sourceTree = "<group>"; };
		930282951496D7430077896E /* LLAppDelegate.m */ = {isa = PBXFileReference; lastKnownFileType = sourcecode.c.objc; path = LLAppDelegate.m; sourceTree = "<group>"; };
		930282971496D7430077896E /* LLViewController.h */ = {isa = PBXFileReference; lastKnownFileType = sourcecode.c.h; path = LLViewController.h; sourceTree = "<group>"; };
		930282981496D7430077896E /* LLViewController.m */ = {isa = PBXFileReference; lastKnownFileType = sourcecode.c.objc; path = LLViewController.m; sourceTree = "<group>"; };
		9302829B1496D7430077896E /* en */ = {isa = PBXFileReference; lastKnownFileType = file.xib; name = en; path = en.lproj/LLViewController.xib; sourceTree = "<group>"; };
/* End PBXFileReference section */

/* Begin PBXFrameworksBuildPhase section */
		9302827E1496D7430077896E /* Frameworks */ = {
			isa = PBXFrameworksBuildPhase;
			buildActionMask = 2147483647;
			files = (
				930282861496D7430077896E /* UIKit.framework in Frameworks */,
				930282881496D7430077896E /* Foundation.framework in Frameworks */,
				9302828A1496D7430077896E /* CoreGraphics.framework in Frameworks */,
			);
			runOnlyForDeploymentPostprocessing = 0;
		};
/* End PBXFrameworksBuildPhase section */

/* Begin PBXGroup section */
		930282761496D7430077896E = {
			isa = PBXGroup;
			children = (
				9302828B1496D7430077896E /* test2 */,
				930282841496D7430077896E /* Frameworks */,
				930282821496D7430077896E /* Products */,
			);
			sourceTree = "<group>";
		};
		930282821496D7430077896E /* Products */ = {
			isa = PBXGroup;
			children = (
				930282811496D7430077896E /* test2.app */,
			);
			name = Products;
			sourceTree = "<group>";
		};
		930282841496D7430077896E /* Frameworks */ = {
			isa = PBXGroup;
			children = (
				930282851496D7430077896E /* UIKit.framework */,
				930282871496D7430077896E /* Foundation.framework */,
				930282891496D7430077896E /* CoreGraphics.framework */,
			);
			name = Frameworks;
			sourceTree = "<group>";
		};
		9302828B1496D7430077896E /* test2 */ = {
			isa = PBXGroup;
			children = (
				930282941496D7430077896E /* LLAppDelegate.h */,
				930282951496D7430077896E /* LLAppDelegate.m */,
				930282971496D7430077896E /* LLViewController.h */,
				930282981496D7430077896E /* LLViewController.m */,
				9302829A1496D7430077896E /* LLViewController.xib */,
				9302828C1496D7430077896E /* Supporting Files */,
			);
			path = test2;
			sourceTree = "<group>";
		};
		9302828C1496D7430077896E /* Supporting Files */ = {
			isa = PBXGroup;
			children = (
				9302828D1496D7430077896E /* test2-Info.plist */,
				9302828E1496D7430077896E /* InfoPlist.strings */,
				930282911496D7430077896E /* main.m */,
				930282931496D7430077896E /* test2-Prefix.pch */,
			);
			name = "Supporting Files";
			sourceTree = "<group>";
		};
/* End PBXGroup section */

/* Begin PBXNativeTarget section */
		930282801496D7430077896E /* test2 */ = {
			isa = PBXNativeTarget;
			buildConfigurationList = 9302829F1496D7430077896E /* Build configuration list for PBXNativeTarget "test2" */;
			buildPhases = (
				9302827D1496D7430077896E /* Sources */,
				9302827E1496D7430077896E /* Frameworks */,
				9302827F1496D7430077896E /* Resources */,
			);
			buildRules = (
			);
			dependencies = (
			);
			name = test2;
			productName = test2;
			productReference = 930282811496D7430077896E /* test2.app */;
			productType = "com.apple.product-type.application";
		};
/* End PBXNativeTarget section */

/* Begin PBXProject section */
		930282781496D7430077896E /* Project object */ = {
			isa = PBXProject;
			attributes = {
				LastUpgradeCheck = 0420;
				ORGANIZATIONNAME = none;
			};
			buildConfigurationList = 9302827B1496D7430077896E /* Build configuration list for PBXProject "test2" */;
			compatibilityVersion = "Xcode 3.2";
			developmentRegion = English;
			hasScannedForEncodings = 0;
			knownRegions = (
				en,
			);
			mainGroup = 930282761496D7430077896E;
			productRefGroup = 930282821496D7430077896E /* Products */;
			projectDirPath = "";
			projectRoot = "";
			targets = (
				930282801496D7430077896E /* test2 */,
			);
		};
/* End PBXProject section */

/* Begin PBXResourcesBuildPhase section */
		9302827F1496D7430077896E /* Resources */ = {
			isa = PBXResourcesBuildPhase;
			buildActionMask = 2147483647;
			files = (
				930282901496D7430077896E /* InfoPlist.strings in Resources */,
				9302829C1496D7430077896E /* LLViewController.xib in Resources */,
			);
			runOnlyForDeploymentPostprocessing = 0;
		};
/* End PBXResourcesBuildPhase section */

/* Begin PBXSourcesBuildPhase section */
		9302827D1496D7430077896E /* Sources */ = {
			isa = PBXSourcesBuildPhase;
			buildActionMask = 2147483647;
			files = (
				930282921496D7430077896E /* main.m in Sources */,
				930282961496D7430077896E /* LLAppDelegate.m in Sources */,
				930282991496D7430077896E /* LLViewController.m in Sources */,
			);
			runOnlyForDeploymentPostprocessing = 0;
		};
/* End PBXSourcesBuildPhase section */

/* Begin PBXVariantGroup section */
		9302828E1496D7430077896E /* InfoPlist.strings */ = {
			isa = PBXVariantGroup;
			children = (
				9302828F1496D7430077896E /* en */,
			);
			name = InfoPlist.strings;
			sourceTree = "<group>";
		};
		9302829A1496D7430077896E /* LLViewController.xib */ = {
			isa = PBXVariantGroup;
			children = (
				9302829B1496D7430077896E /* en */,
			);
			name = LLViewController.xib;
			sourceTree = "<group>";
		};
/* End PBXVariantGroup section */

/* Begin XCBuildConfiguration section */
		9302829D1496D7430077896E /* Debug */ = {
			isa = XCBuildConfiguration;
			buildSettings = {
				ALWAYS_SEARCH_USER_PATHS = NO;
				ARCHS = "$(ARCHS_STANDARD_32_BIT)";
				CLANG_ENABLE_OBJC_ARC = YES;
				"CODE_SIGN_IDENTITY[sdk=iphoneos*]" = "iPhone Developer";
				COPY_PHASE_STRIP = NO;
				GCC_C_LANGUAGE_STANDARD = gnu99;
				GCC_DYNAMIC_NO_PIC = NO;
				GCC_OPTIMIZATION_LEVEL = 0;
				GCC_PREPROCESSOR_DEFINITIONS = (
					"DEBUG=1",
					"$(inherited)",
				);
				GCC_SYMBOLS_PRIVATE_EXTERN = NO;
				GCC_VERSION = com.apple.compilers.llvm.clang.1_0;
				GCC_WARN_ABOUT_MISSING_PROTOTYPES = YES;
				GCC_WARN_ABOUT_RETURN_TYPE = YES;
				GCC_WARN_UNUSED_VARIABLE = YES;
				IPHONEOS_DEPLOYMENT_TARGET = 5.0;
				SDKROOT = iphoneos;
			};
			name = Debug;
		};
		9302829E1496D7430077896E /* Release */ = {
			isa = XCBuildConfiguration;
			buildSettings = {
				ALWAYS_SEARCH_USER_PATHS = NO;
				ARCHS = "$(ARCHS_STANDARD_32_BIT)";
				CLANG_ENABLE_OBJC_ARC = YES;
				"CODE_SIGN_IDENTITY[sdk=iphoneos*]" = "iPhone Developer";
				COPY_PHASE_STRIP = YES;
				GCC_C_LANGUAGE_STANDARD = gnu99;
				GCC_VERSION = com.apple.compilers.llvm.clang.1_0;
				GCC_WARN_ABOUT_MISSING_PROTOTYPES = YES;
				GCC_WARN_ABOUT_RETURN_TYPE = YES;
				GCC_WARN_UNUSED_VARIABLE = YES;
				IPHONEOS_DEPLOYMENT_TARGET = 5.0;
				OTHER_CFLAGS = "-DNS_BLOCK_ASSERTIONS=1";
				SDKROOT = iphoneos;
				VALIDATE_PRODUCT = YES;
			};
			name = Release;
		};
		930282A01496D7430077896E /* Debug */ = {
			isa = XCBuildConfiguration;
			buildSettings = {
				GCC_PRECOMPILE_PREFIX_HEADER = YES;
				GCC_PREFIX_HEADER = "test2/test2-Prefix.pch";
				INFOPLIST_FILE = "test2/test2-Info.plist";
				PRODUCT_NAME = "$(TARGET_NAME)";
				WRAPPER_EXTENSION = app;
			};
			name = Debug;
		};
		930282A11496D7430077896E /* Release */ = {
			isa = XCBuildConfiguration;
			buildSettings = {
				GCC_PRECOMPILE_PREFIX_HEADER = YES;
				GCC_PREFIX_HEADER = "test2/test2-Prefix.pch";
				INFOPLIST_FILE = "test2/test2-Info.plist";
				PRODUCT_NAME = "$(TARGET_NAME)";
				WRAPPER_EXTENSION = app;
			};
			name = Release;
		};
/* End XCBuildConfiguration section */

/* Begin XCConfigurationList section */
		9302827B1496D7430077896E /* Build configuration list for PBXProject "test2" */ = {
			isa = XCConfigurationList;
			buildConfigurations = (
				9302829D1496D7430077896E /* Debug */,
				9302829E1496D7430077896E /* Release */,
			);
			defaultConfigurationIsVisible = 0;
			defaultConfigurationName = Release;
		};
		9302829F1496D7430077896E /* Build configuration list for PBXNativeTarget "test2" */ = {
			isa = XCConfigurationList;
			buildConfigurations = (
				930282A01496D7430077896E /* Debug */,
				930282A11496D7430077896E /* Release */,
			);
			defaultConfigurationIsVisible = 0;
		};
/* End XCConfigurationList section */
	};
	rootObject = 930282781496D7430077896E /* Project object */;
}
